{
    "_readme": [
        "This file locks the dependencies of your project to a known state",
        "Read more about it at https://getcomposer.org/doc/01-basic-usage.md#composer-lock-the-lock-file",
        "This file is @generated automatically"
    ],
    "hash": "29f0e683f57cc1ff576e85eeff8b0c8a",
    "content-hash": "e0bb52e61011a26c8e45611645e1aa23",
    "packages": [
        {
            "name": "freshjones/testcore",
            "version": "dev-master",
            "source": {
                "type": "git",
                "url": "https://github.com/freshjones/testcore.git",
                "reference": "0f83d76a7a8171d0731800cc7609d23aa2e09478"
            },
            "dist": {
                "type": "zip",
                "url": "https://api.github.com/repos/freshjones/testcore/zipball/0f83d76a7a8171d0731800cc7609d23aa2e09478",
                "reference": "0f83d76a7a8171d0731800cc7609d23aa2e09478",
                "shasum": ""
            },
            "type": "library",
            "autoload": {
                "psr-4": {
                    "Freshjones\\Core\\": "src/"
                }
            },
            "support": {
                "source": "https://github.com/freshjones/testcore/tree/master",
                "issues": "https://github.com/freshjones/testcore/issues"
            },
            "time": "2016-11-08 18:19:43"
        }
    ],
    "packages-dev": [],
    "aliases": [],
    "minimum-stability": "stable",
    "stability-flags": {
        "freshjones/testcore": 20
    },
    "prefer-stable": false,
    "prefer-lowest": false,
    "platform": [],
    "platform-dev": []
}
